
Microsoft Visual Studio Solution File, Format Version 12.00
# Visual Studio Version 17
VisualStudioVersion = 17.12.35527.113
MinimumVisualStudioVersion = 10.0.40219.1
Project("{FAE04EC0-301F-11D3-BF4B-00C04F79EFBC}") = "Wilczura.JsonApiTest", "Wilczura.JsonApiTest\Wilczura.JsonApiTest.csproj", "{D1F3CBDB-A3DB-49BD-A3BC-FCDEE1C56311}"
EndProject
Project("{FAE04EC0-301F-11D3-BF4B-00C04F79EFBC}") = "Wilczura.JsonApiTest.Data", "Wilczura.JsonApiTest.Data\Wilczura.JsonApiTest.Data.csproj", "{9F810CD1-1AFF-443F-98AB-03C95020A7F3}"
EndProject
Project("{FAE04EC0-301F-11D3-BF4B-00C04F79EFBC}") = "Wilczura.JsonApiTest.Application", "Wilczura.JsonApiTest.Application\Wilczura.JsonApiTest.Application.csproj", "{4CF0DB24-72C5-4A20-9FDF-F23F66A6E100}"
EndProject
Project("{FAE04EC0-301F-11D3-BF4B-00C04F79EFBC}") = "Wilczura.JsonApiTest.JsonApi", "Wilczura.JsonApiTest.JsonApi\Wilczura.JsonApiTest.JsonApi.csproj", "{FCDB491F-3E17-443E-932C-7AAB9AFE2839}"
EndProject
Project("{FAE04EC0-301F-11D3-BF4B-00C04F79EFBC}") = "Wilczura.JsonApiTest.Ports", "Wilczura.JsonApiTest.Ports\Wilczura.JsonApiTest.Ports.csproj", "{D32E4A32-9407-4A4B-9D19-DBD04C580DE9}"
EndProject
Project("{FAE04EC0-301F-11D3-BF4B-00C04F79EFBC}") = "Wilczura.JsonApiTest.Adapters.ServiceBus", "Wilczura.JsonApiTest.Adapters.ServiceBus\Wilczura.JsonApiTest.Adapters.ServiceBus.csproj", "{77C53FC9-DBFF-4389-B9CB-34EA7A8C2D61}"
EndProject
Project("{FAE04EC0-301F-11D3-BF4B-00C04F79EFBC}") = "Wilczura.Common.JsonApi", "Wilczura.Common.JsonApi\Wilczura.Common.JsonApi.csproj", "{E8CF8517-2952-4F51-963F-8D59D71F285B}"
EndProject
Project("{FAE04EC0-301F-11D3-BF4B-00C04F79EFBC}") = "Wilczura.Common.Ports", "Wilczura.Common.Ports\Wilczura.Common.Ports.csproj", "{2E6D138A-969A-49C5-8BA8-C19E5A1E318E}"
EndProject
Global
	GlobalSection(SolutionConfigurationPlatforms) = preSolution
		Debug|Any CPU = Debug|Any CPU
		Release|Any CPU = Release|Any CPU
	EndGlobalSection
	GlobalSection(ProjectConfigurationPlatforms) = postSolution
		{D1F3CBDB-A3DB-49BD-A3BC-FCDEE1C56311}.Debug|Any CPU.ActiveCfg = Debug|Any CPU
		{D1F3CBDB-A3DB-49BD-A3BC-FCDEE1C56311}.Debug|Any CPU.Build.0 = Debug|Any CPU
		{D1F3CBDB-A3DB-49BD-A3BC-FCDEE1C56311}.Release|Any CPU.ActiveCfg = Release|Any CPU
		{D1F3CBDB-A3DB-49BD-A3BC-FCDEE1C56311}.Release|Any CPU.Build.0 = Release|Any CPU
		{9F810CD1-1AFF-443F-98AB-03C95020A7F3}.Debug|Any CPU.ActiveCfg = Debug|Any CPU
		{9F810CD1-1AFF-443F-98AB-03C95020A7F3}.Debug|Any CPU.Build.0 = Debug|Any CPU
		{9F810CD1-1AFF-443F-98AB-03C95020A7F3}.Release|Any CPU.ActiveCfg = Release|Any CPU
		{9F810CD1-1AFF-443F-98AB-03C95020A7F3}.Release|Any CPU.Build.0 = Release|Any CPU
		{4CF0DB24-72C5-4A20-9FDF-F23F66A6E100}.Debug|Any CPU.ActiveCfg = Debug|Any CPU
		{4CF0DB24-72C5-4A20-9FDF-F23F66A6E100}.Debug|Any CPU.Build.0 = Debug|Any CPU
		{4CF0DB24-72C5-4A20-9FDF-F23F66A6E100}.Release|Any CPU.ActiveCfg = Release|Any CPU
		{4CF0DB24-72C5-4A20-9FDF-F23F66A6E100}.Release|Any CPU.Build.0 = Release|Any CPU
		{FCDB491F-3E17-443E-932C-7AAB9AFE2839}.Debug|Any CPU.ActiveCfg = Debug|Any CPU
		{FCDB491F-3E17-443E-932C-7AAB9AFE2839}.Debug|Any CPU.Build.0 = Debug|Any CPU
		{FCDB491F-3E17-443E-932C-7AAB9AFE2839}.Release|Any CPU.ActiveCfg = Release|Any CPU
		{FCDB491F-3E17-443E-932C-7AAB9AFE2839}.Release|Any CPU.Build.0 = Release|Any CPU
		{D32E4A32-9407-4A4B-9D19-DBD04C580DE9}.Debug|Any CPU.ActiveCfg = Debug|Any CPU
		{D32E4A32-9407-4A4B-9D19-DBD04C580DE9}.Debug|Any CPU.Build.0 = Debug|Any CPU
		{D32E4A32-9407-4A4B-9D19-DBD04C580DE9}.Release|Any CPU.ActiveCfg = Release|Any CPU
		{D32E4A32-9407-4A4B-9D19-DBD04C580DE9}.Release|Any CPU.Build.0 = Release|Any CPU
		{77C53FC9-DBFF-4389-B9CB-34EA7A8C2D61}.Debug|Any CPU.ActiveCfg = Debug|Any CPU
		{77C53FC9-DBFF-4389-B9CB-34EA7A8C2D61}.Debug|Any CPU.Build.0 = Debug|Any CPU
		{77C53FC9-DBFF-4389-B9CB-34EA7A8C2D61}.Release|Any CPU.ActiveCfg = Release|Any CPU
		{77C53FC9-DBFF-4389-B9CB-34EA7A8C2D61}.Release|Any CPU.Build.0 = Release|Any CPU
		{E8CF8517-2952-4F51-963F-8D59D71F285B}.Debug|Any CPU.ActiveCfg = Debug|Any CPU
		{E8CF8517-2952-4F51-963F-8D59D71F285B}.Debug|Any CPU.Build.0 = Debug|Any CPU
		{E8CF8517-2952-4F51-963F-8D59D71F285B}.Release|Any CPU.ActiveCfg = Release|Any CPU
		{E8CF8517-2952-4F51-963F-8D59D71F285B}.Release|Any CPU.Build.0 = Release|Any CPU
		{2E6D138A-969A-49C5-8BA8-C19E5A1E318E}.Debug|Any CPU.ActiveCfg = Debug|Any CPU
		{2E6D138A-969A-49C5-8BA8-C19E5A1E318E}.Debug|Any CPU.Build.0 = Debug|Any CPU
		{2E6D138A-969A-49C5-8BA8-C19E5A1E318E}.Release|Any CPU.ActiveCfg = Release|Any CPU
		{2E6D138A-969A-49C5-8BA8-C19E5A1E318E}.Release|Any CPU.Build.0 = Release|Any CPU
	EndGlobalSection
	GlobalSection(SolutionProperties) = preSolution
		HideSolutionNode = FALSE
	EndGlobalSection
EndGlobal
